
Microsoft Visual Studio Solution File, Format Version 12.00
# Visual Studio Version 16
VisualStudioVersion = 16.0.32630.194
MinimumVisualStudioVersion = 10.0.40219.1
Project("{FAE04EC0-301F-11D3-BF4B-00C04F79EFBC}") = "SportsStore2", "SportsStore2\SportsStore2.csproj", "{F0DD798C-6113-40E0-8A1C-3C5DAAA566D2}"
EndProject
Global
	GlobalSection(SolutionConfigurationPlatforms) = preSolution
		Debug|Any CPU = Debug|Any CPU
		Release|Any CPU = Release|Any CPU
	EndGlobalSection
	GlobalSection(ProjectConfigurationPlatforms) = postSolution
		{F0DD798C-6113-40E0-8A1C-3C5DAAA566D2}.Debug|Any CPU.ActiveCfg = Debug|Any CPU
		{F0DD798C-6113-40E0-8A1C-3C5DAAA566D2}.Debug|Any CPU.Build.0 = Debug|Any CPU
		{F0DD798C-6113-40E0-8A1C-3C5DAAA566D2}.Release|Any CPU.ActiveCfg = Release|Any CPU
		{F0DD798C-6113-40E0-8A1C-3C5DAAA566D2}.Release|Any CPU.Build.0 = Release|Any CPU
	EndGlobalSection
	GlobalSection(SolutionProperties) = preSolution
		HideSolutionNode = FALSE
	EndGlobalSection
	GlobalSection(ExtensibilityGlobals) = postSolution
		SolutionGuid = {E21A6042-0D34-4E6D-B53D-4F0735F3AB13}
	EndGlobalSection
EndGlobal
